// !$*UTF8*$!
{
	archiveVersion = 1;
	classes = {
	};
	objectVersion = 46;
	objects = {

/* Begin PBXBuildFile section */
		E1836F291B68A716000D2C07 /* main.m in Sources */ = {isa = PBXBuildFile; fileRef = E1836F281B68A716000D2C07 /* main.m */; };
		E1836F2C1B68A716000D2C07 /* AppDelegate.m in Sources */ = {isa = PBXBuildFile; fileRef = E1836F2B1B68A716000D2C07 /* AppDelegate.m */; };
		E1836F2F1B68A716000D2C07 /* ViewController.m in Sources */ = {isa = PBXBuildFile; fileRef = E1836F2E1B68A716000D2C07 /* ViewController.m */; };
		E1836F321B68A716000D2C07 /* Main.storyboard in Resources */ = {isa = PBXBuildFile; fileRef = E1836F301B68A716000D2C07 /* Main.storyboard */; };
		E1836F341B68A716000D2C07 /* Images.xcassets in Resources */ = {isa = PBXBuildFile; fileRef = E1836F331B68A716000D2C07 /* Images.xcassets */; };
		E1836F371B68A716000D2C07 /* LaunchScreen.xib in Resources */ = {isa = PBXBuildFile; fileRef = E1836F351B68A716000D2C07 /* LaunchScreen.xib */; };
		E1836F431B68A716000D2C07 /* myTestTests.m in Sources */ = {isa = PBXBuildFile; fileRef = E1836F421B68A716000D2C07 /* myTestTests.m */; };
/* End PBXBuildFile section */

/* Begin PBXContainerItemProxy section */
		E1836F3D1B68A716000D2C07 /* PBXContainerItemProxy */ = {
			isa = PBXContainerItemProxy;
			containerPortal = E1836F1B1B68A716000D2C07 /* Project object */;
			proxyType = 1;
			remoteGlobalIDString = E1836F221B68A716000D2C07;
			remoteInfo = myTest;
		};
/* End PBXContainerItemProxy section */

/* Begin PBXFileReference section */
		E1836F231B68A716000D2C07 /* myTest.app */ = {isa = PBXFileReference; explicitFileType = wrapper.application; includeInIndex = 0; path = myTest.app; sourceTree = BUILT_PRODUCTS_DIR; };
		E1836F271B68A716000D2C07 /* Info.plist */ = {isa = PBXFileReference; lastKnownFileType = text.plist.xml; path = Info.plist; sourceTree = "<group>"; };
		E1836F281B68A716000D2C07 /* main.m */ = {isa = PBXFileReference; lastKnownFileType = sourcecode.c.objc; path = main.m; sourceTree = "<group>"; };
		E1836F2A1B68A716000D2C07 /* AppDelegate.h */ = {isa = PBXFileReference; lastKnownFileType = sourcecode.c.h; path = AppDelegate.h; sourceTree = "<group>"; };
		E1836F2B1B68A716000D2C07 /* AppDelegate.m */ = {isa = PBXFileReference; lastKnownFileType = sourcecode.c.objc; path = AppDelegate.m; sourceTree = "<group>"; };
		E1836F2D1B68A716000D2C07 /* ViewController.h */ = {isa = PBXFileReference; lastKnownFileType = sourcecode.c.h; path = ViewController.h; sourceTree = "<group>"; };
		E1836F2E1B68A716000D2C07 /* ViewController.m */ = {isa = PBXFileReference; lastKnownFileType = sourcecode.c.objc; path = ViewController.m; sourceTree = "<group>"; };
		E1836F311B68A716000D2C07 /* Base */ = {isa = PBXFileReference; lastKnownFileType = file.storyboard; name = Base; path = Base.lproj/Main.storyboard; sourceTree = "<group>"; };
		E1836F331B68A716000D2C07 /* Images.xcassets */ = {isa = PBXFileReference; lastKnownFileType = folder.assetcatalog; path = Images.xcassets; sourceTree = "<group>"; };
		E1836F361B68A716000D2C07 /* Base */ = {isa = PBXFileReference; lastKnownFileType = file.xib; name = Base; path = Base.lproj/LaunchScreen.xib; sourceTree = "<group>"; };
		E1836F3C1B68A716000D2C07 /* myTestTests.xctest */ = {isa = PBXFileReference; explicitFileType = wrapper.cfbundle; includeInIndex = 0; path = myTestTests.xctest; sourceTree = BUILT_PRODUCTS_DIR; };
		E1836F411B68A716000D2C07 /* Info.plist */ = {isa = PBXFileReference; lastKnownFileType = text.plist.xml; path = Info.plist; sourceTree = "<group>"; };
		E1836F421B68A716000D2C07 /* myTestTests.m */ = {isa = PBXFileReference; lastKnownFileType = sourcecode.c.objc; path = myTestTests.m; sourceTree = "<group>"; };
/* End PBXFileReference section */

/* Begin PBXFrameworksBuildPhase section */
		E1836F201B68A716000D2C07 /* Frameworks */ = {
			isa = PBXFrameworksBuildPhase;
			buildActionMask = 2147483647;
			files = (
			);
			runOnlyForDeploymentPostprocessing = 0;
		};
		E1836F391B68A716000D2C07 /* Frameworks */ = {
			isa = PBXFrameworksBuildPhase;
			buildActionMask = 2147483647;
			files = (
			);
			runOnlyForDeploymentPostprocessing = 0;
		};
/* End PBXFrameworksBuildPhase section */

/* Begin PBXGroup section */
		E1836F1A1B68A716000D2C07 = {
			isa = PBXGroup;
			children = (
				E1836F251B68A716000D2C07 /* myTest */,
				E1836F3F1B68A716000D2C07 /* myTestTests */,
				E1836F241B68A716000D2C07 /* Products */,
			);
			sourceTree = "<group>";
		};
		E1836F241B68A716000D2C07 /* Products */ = {
			isa = PBXGroup;
			children = (
				E1836F231B68A716000D2C07 /* myTest.app */,
				E1836F3C1B68A716000D2C07 /* myTestTests.xctest */,
			);
			name = Products;
			sourceTree = "<group>";
		};
		E1836F251B68A716000D2C07 /* myTest */ = {
			isa = PBXGroup;
			children = (
				E1836F2A1B68A716000D2C07 /* AppDelegate.h */,
				E1836F2B1B68A716000D2C07 /* AppDelegate.m */,
				E1836F2D1B68A716000D2C07 /* ViewController.h */,
				E1836F2E1B68A716000D2C07 /* ViewController.m */,
				E1836F301B68A716000D2C07 /* Main.storyboard */,
				E1836F331B68A716000D2C07 /* Images.xcassets */,
				E1836F351B68A716000D2C07 /* LaunchScreen.xib */,
				E1836F261B68A716000D2C07 /* Supporting Files */,
			);
			path = myTest;
			sourceTree = "<group>";
		};
		E1836F261B68A716000D2C07 /* Supporting Files */ = {
			isa = PBXGroup;
			children = (
				E1836F271B68A716000D2C07 /* Info.plist */,
				E1836F281B68A716000D2C07 /* main.m */,
			);
			name = "Supporting Files";
			sourceTree = "<group>";
		};
		E1836F3F1B68A716000D2C07 /* myTestTests */ = {
			isa = PBXGroup;
			children = (
				E1836F421B68A716000D2C07 /* myTestTests.m */,
				E1836F401B68A716000D2C07 /* Supporting Files */,
			);
			path = myTestTests;
			sourceTree = "<group>";
		};
		E1836F401B68A716000D2C07 /* Supporting Files */ = {
			isa = PBXGroup;
			children = (
				E1836F411B68A716000D2C07 /* Info.plist */,
			);
			name = "Supporting Files";
			sourceTree = "<group>";
		};
/* End PBXGroup section */

/* Begin PBXNativeTarget section */
		E1836F221B68A716000D2C07 /* myTest */ = {
			isa = PBXNativeTarget;
			buildConfigurationList = E1836F461B68A716000D2C07 /* Build configuration list for PBXNativeTarget "myTest" */;
			buildPhases = (
				E1836F1F1B68A716000D2C07 /* Sources */,
				E1836F201B68A716000D2C07 /* Frameworks */,
				E1836F211B68A716000D2C07 /* Resources */,
			);
			buildRules = (
			);
			dependencies = (
			);
			name = myTest;
			productName = myTest;
			productReference = E1836F231B68A716000D2C07 /* myTest.app */;
			productType = "com.apple.product-type.application";
		};
		E1836F3B1B68A716000D2C07 /* myTestTests */ = {
			isa = PBXNativeTarget;
			buildConfigurationList = E1836F491B68A716000D2C07 /* Build configuration list for PBXNativeTarget "myTestTests" */;
			buildPhases = (
				E1836F381B68A716000D2C07 /* Sources */,
				E1836F391B68A716000D2C07 /* Frameworks */,
				E1836F3A1B68A716000D2C07 /* Resources */,
			);
			buildRules = (
			);
			dependencies = (
				E1836F3E1B68A716000D2C07 /* PBXTargetDependency */,
			);
			name = myTestTests;
			productName = myTestTests;
			productReference = E1836F3C1B68A716000D2C07 /* myTestTests.xctest */;
			productType = "com.apple.product-type.bundle.unit-test";
		};
/* End PBXNativeTarget section */

/* Begin PBXProject section */
		E1836F1B1B68A716000D2C07 /* Project object */ = {
			isa = PBXProject;
			attributes = {
				LastUpgradeCheck = 0630;
				ORGANIZATIONNAME = liyongqiang;
				TargetAttributes = {
					E1836F221B68A716000D2C07 = {
						CreatedOnToolsVersion = 6.3.2;
					};
					E1836F3B1B68A716000D2C07 = {
						CreatedOnToolsVersion = 6.3.2;
						TestTargetID = E1836F221B68A716000D2C07;
					};
				};
			};
			buildConfigurationList = E1836F1E1B68A716000D2C07 /* Build configuration list for PBXProject "myTest" */;
			compatibilityVersion = "Xcode 3.2";
			developmentRegion = English;
			hasScannedForEncodings = 0;
			knownRegions = (
				en,
				Base,
			);
			mainGroup = E1836F1A1B68A716000D2C07;
			productRefGroup = E1836F241B68A716000D2C07 /* Products */;
			projectDirPath = "";
			projectRoot = "";
			targets = (
				E1836F221B68A716000D2C07 /* myTest */,
				E1836F3B1B68A716000D2C07 /* myTestTests */,
			);
		};
/* End PBXProject section */

/* Begin PBXResourcesBuildPhase section */
		E1836F211B68A716000D2C07 /* Resources */ = {
			isa = PBXResourcesBuildPhase;
			buildActionMask = 2147483647;
			files = (
				E1836F321B68A716000D2C07 /* Main.storyboard in Resources */,
				E1836F371B68A716000D2C07 /* LaunchScreen.xib in Resources */,
				E1836F341B68A716000D2C07 /* Images.xcassets in Resources */,
			);
			runOnlyForDeploymentPostprocessing = 0;
		};
		E1836F3A1B68A716000D2C07 /* Resources */ = {
			isa = PBXResourcesBuildPhase;
			buildActionMask = 2147483647;
			files = (
			);
			runOnlyForDeploymentPostprocessing = 0;
		};
/* End PBXResourcesBuildPhase section */

/* Begin PBXSourcesBuildPhase section */
		E1836F1F1B68A716000D2C07 /* Sources */ = {
			isa = PBXSourcesBuildPhase;
			buildActionMask = 2147483647;
			files = (
				E1836F2F1B68A716000D2C07 /* ViewController.m in Sources */,
				E1836F2C1B68A716000D2C07 /* AppDelegate.m in Sources */,
				E1836F291B68A716000D2C07 /* main.m in Sources */,
			);
			runOnlyForDeploymentPostprocessing = 0;
		};
		E1836F381B68A716000D2C07 /* Sources */ = {
			isa = PBXSourcesBuildPhase;
			buildActionMask = 2147483647;
			files = (
				E1836F431B68A716000D2C07 /* myTestTests.m in Sources */,
			);
			runOnlyForDeploymentPostprocessing = 0;
		};
/* End PBXSourcesBuildPhase section */

/* Begin PBXTargetDependency section */
		E1836F3E1B68A716000D2C07 /* PBXTargetDependency */ = {
			isa = PBXTargetDependency;
			target = E1836F221B68A716000D2C07 /* myTest */;
			targetProxy = E1836F3D1B68A716000D2C07 /* PBXContainerItemProxy */;
		};
/* End PBXTargetDependency section */

/* Begin PBXVariantGroup section */
		E1836F301B68A716000D2C07 /* Main.storyboard */ = {
			isa = PBXVariantGroup;
			children = (
				E1836F311B68A716000D2C07 /* Base */,
			);
			name = Main.storyboard;
			sourceTree = "<group>";
		};
		E1836F351B68A716000D2C07 /* LaunchScreen.xib */ = {
			isa = PBXVariantGroup;
			children = (
				E1836F361B68A716000D2C07 /* Base */,
			);
			name = LaunchScreen.xib;
			sourceTree = "<group>";
		};
/* End PBXVariantGroup section */

/* Begin XCBuildConfiguration section */
		E1836F441B68A716000D2C07 /* Debug */ = {
			isa = XCBuildConfiguration;
			buildSettings = {
				ALWAYS_SEARCH_USER_PATHS = NO;
				CLANG_CXX_LANGUAGE_STANDARD = "gnu++0x";
				CLANG_CXX_LIBRARY = "libc++";
				CLANG_ENABLE_MODULES = YES;
				CLANG_ENABLE_OBJC_ARC = YES;
				CLANG_WARN_BOOL_CONVERSION = YES;
				CLANG_WARN_CONSTANT_CONVERSION = YES;
				CLANG_WARN_DIRECT_OBJC_ISA_USAGE = YES_ERROR;
				CLANG_WARN_EMPTY_BODY = YES;
				CLANG_WARN_ENUM_CONVERSION = YES;
				CLANG_WARN_INT_CONVERSION = YES;
				CLANG_WARN_OBJC_ROOT_CLASS = YES_ERROR;
				CLANG_WARN_UNREACHABLE_CODE = YES;
				CLANG_WARN__DUPLICATE_METHOD_MATCH = YES;
				"CODE_SIGN_IDENTITY[sdk=iphoneos*]" = "iPhone Developer";
				COPY_PHASE_STRIP = NO;
				DEBUG_INFORMATION_FORMAT = "dwarf-with-dsym";
				ENABLE_STRICT_OBJC_MSGSEND = YES;
				GCC_C_LANGUAGE_STANDARD = gnu99;
				GCC_DYNAMIC_NO_PIC = NO;
				GCC_NO_COMMON_BLOCKS = YES;
				GCC_OPTIMIZATION_LEVEL = 0;
				GCC_PREPROCESSOR_DEFINITIONS = (
					"DEBUG=1",
					"$(inherited)",
				);
				GCC_SYMBOLS_PRIVATE_EXTERN = NO;
				GCC_WARN_64_TO_32_BIT_CONVERSION = YES;
				GCC_WARN_ABOUT_RETURN_TYPE = YES_ERROR;
				GCC_WARN_UNDECLARED_SELECTOR = YES;
				GCC_WARN_UNINITIALIZED_AUTOS = YES_AGGRESSIVE;
				GCC_WARN_UNUSED_FUNCTION = YES;
				GCC_WARN_UNUSED_VARIABLE = YES;
				IPHONEOS_DEPLOYMENT_TARGET = 8.3;
				MTL_ENABLE_DEBUG_INFO = YES;
				ONLY_ACTIVE_ARCH = YES;
				SDKROOT = iphoneos;
				TARGETED_DEVICE_FAMILY = "1,2";
			};
			name = Debug;
		};
		E1836F451B68A716000D2C07 /* Release */ = {
			isa = XCBuildConfiguration;
			buildSettings = {
				ALWAYS_SEARCH_USER_PATHS = NO;
				CLANG_CXX_LANGUAGE_STANDARD = "gnu++0x";
				CLANG_CXX_LIBRARY = "libc++";
				CLANG_ENABLE_MODULES = YES;
				CLANG_ENABLE_OBJC_ARC = YES;
				CLANG_WARN_BOOL_CONVERSION = YES;
				CLANG_WARN_CONSTANT_CONVERSION = YES;
				CLANG_WARN_DIRECT_OBJC_ISA_USAGE = YES_ERROR;
				CLANG_WARN_EMPTY_BODY = YES;
				CLANG_WARN_ENUM_CONVERSION = YES;
				CLANG_WARN_INT_CONVERSION = YES;
				CLANG_WARN_OBJC_ROOT_CLASS = YES_ERROR;
				CLANG_WARN_UNREACHABLE_CODE = YES;
				CLANG_WARN__DUPLICATE_METHOD_MATCH = YES;
				"CODE_SIGN_IDENTITY[sdk=iphoneos*]" = "iPhone Developer";
				COPY_PHASE_STRIP = NO;
				DEBUG_INFORMATION_FORMAT = "dwarf-with-dsym";
				ENABLE_NS_ASSERTIONS = NO;
				ENABLE_STRICT_OBJC_MSGSEND = YES;
				GCC_C_LANGUAGE_STANDARD = gnu99;
				GCC_NO_COMMON_BLOCKS = YES;
				GCC_WARN_64_TO_32_BIT_CONVERSION = YES;
				GCC_WARN_ABOUT_RETURN_TYPE = YES_ERROR;
				GCC_WARN_UNDECLARED_SELECTOR = YES;
				GCC_WARN_UNINITIALIZED_AUTOS = YES_AGGRESSIVE;
				GCC_WARN_UNUSED_FUNCTION = YES;
				GCC_WARN_UNUSED_VARIABLE = YES;
				IPHONEOS_DEPLOYMENT_TARGET = 8.3;
				MTL_ENABLE_DEBUG_INFO = NO;
				SDKROOT = iphoneos;
				TARGETED_DEVICE_FAMILY = "1,2";
				VALIDATE_PRODUCT = YES;
			};
			name = Release;
		};
		E1836F471B68A716000D2C07 /* Debug */ = {
			isa = XCBuildConfiguration;
			buildSettings = {
				ASSETCATALOG_COMPILER_APPICON_NAME = AppIcon;
				INFOPLIST_FILE = myTest/Info.plist;
				LD_RUNPATH_SEARCH_PATHS = "$(inherited) @executable_path/Frameworks";
				PRODUCT_NAME = "$(TARGET_NAME)";
			};
			name = Debug;
		};
		E1836F481B68A716000D2C07 /* Release */ = {
			isa = XCBuildConfiguration;
			buildSettings = {
				ASSETCATALOG_COMPILER_APPICON_NAME = AppIcon;
				INFOPLIST_FILE = myTest/Info.plist;
				LD_RUNPATH_SEARCH_PATHS = "$(inherited) @executable_path/Frameworks";
				PRODUCT_NAME = "$(TARGET_NAME)";
			};
			name = Release;
		};
		E1836F4A1B68A716000D2C07 /* Debug */ = {
			isa = XCBuildConfiguration;
			buildSettings = {
				BUNDLE_LOADER = "$(TEST_HOST)";
				FRAMEWORK_SEARCH_PATHS = (
					"$(SDKROOT)/Developer/Library/Frameworks",
					"$(inherited)",
				);
				GCC_PREPROCESSOR_DEFINITIONS = (
					"DEBUG=1",
					"$(inherited)",
				);
				INFOPLIST_FILE = myTestTests/Info.plist;
				LD_RUNPATH_SEARCH_PATHS = "$(inherited) @executable_path/Frameworks @loader_path/Frameworks";
				PRODUCT_NAME = "$(TARGET_NAME)";
				TEST_HOST = "$(BUILT_PRODUCTS_DIR)/myTest.app/myTest";
			};
			name = Debug;
		};
		E1836F4B1B68A716000D2C07 /* Release */ = {
			isa = XCBuildConfiguration;
			buildSettings = {
				BUNDLE_LOADER = "$(TEST_HOST)";
				FRAMEWORK_SEARCH_PATHS = (
					"$(SDKROOT)/Developer/Library/Frameworks",
					"$(inherited)",
				);
				INFOPLIST_FILE = myTestTests/Info.plist;
				LD_RUNPATH_SEARCH_PATHS = "$(inherited) @executable_path/Frameworks @loader_path/Frameworks";
				PRODUCT_NAME = "$(TARGET_NAME)";
				TEST_HOST = "$(BUILT_PRODUCTS_DIR)/myTest.app/myTest";
			};
			name = Release;
		};
/* End XCBuildConfiguration section */

/* Begin XCConfigurationList section */
		E1836F1E1B68A716000D2C07 /* Build configuration list for PBXProject "myTest" */ = {
			isa = XCConfigurationList;
			buildConfigurations = (
				E1836F441B68A716000D2C07 /* Debug */,
				E1836F451B68A716000D2C07 /* Release */,
			);
			defaultConfigurationIsVisible = 0;
			defaultConfigurationName = Release;
		};
		E1836F461B68A716000D2C07 /* Build configuration list for PBXNativeTarget "myTest" */ = {
			isa = XCConfigurationList;
			buildConfigurations = (
				E1836F471B68A716000D2C07 /* Debug */,
				E1836F481B68A716000D2C07 /* Release */,
			);
			defaultConfigurationIsVisible = 0;
		};
		E1836F491B68A716000D2C07 /* Build configuration list for PBXNativeTarget "myTestTests" */ = {
			isa = XCConfigurationList;
			buildConfigurations = (
				E1836F4A1B68A716000D2C07 /* Debug */,
				E1836F4B1B68A716000D2C07 /* Release */,
			);
			defaultConfigurationIsVisible = 0;
		};
/* End XCConfigurationList section */
	};
	rootObject = E1836F1B1B68A716000D2C07 /* Project object */;
}
